
Microsoft Visual Studio Solution File, Format Version 12.00
# Visual Studio Version 17
VisualStudioVersion = 17.8.34330.188
MinimumVisualStudioVersion = 10.0.40219.1
Project("{8BC9CEB8-8B4A-11D0-8D11-00A0C91BC942}") = "uni_converter", "uni_converter.vcxproj", "{9AF64CCF-0B9B-4848-BEA1-55AB1F7E65C8}"
EndProject
Global
	GlobalSection(SolutionConfigurationPlatforms) = preSolution
		Debug|x64 = Debug|x64
		Debug|x86 = Debug|x86
		Release|x64 = Release|x64
		Release|x86 = Release|x86
	EndGlobalSection
	GlobalSection(ProjectConfigurationPlatforms) = postSolution
		{9AF64CCF-0B9B-4848-BEA1-55AB1F7E65C8}.Debug|x64.ActiveCfg = Debug|x64
		{9AF64CCF-0B9B-4848-BEA1-55AB1F7E65C8}.Debug|x64.Build.0 = Debug|x64
		{9AF64CCF-0B9B-4848-BEA1-55AB1F7E65C8}.Debug|x86.ActiveCfg = Debug|Win32
		{9AF64CCF-0B9B-4848-BEA1-55AB1F7E65C8}.Debug|x86.Build.0 = Debug|Win32
		{9AF64CCF-0B9B-4848-BEA1-55AB1F7E65C8}.Release|x64.ActiveCfg = Release|x64
		{9AF64CCF-0B9B-4848-BEA1-55AB1F7E65C8}.Release|x64.Build.0 = Release|x64
		{9AF64CCF-0B9B-4848-BEA1-55AB1F7E65C8}.Release|x86.ActiveCfg = Release|Win32
		{9AF64CCF-0B9B-4848-BEA1-55AB1F7E65C8}.Release|x86.Build.0 = Release|Win32
	EndGlobalSection
	GlobalSection(SolutionProperties) = preSolution
		HideSolutionNode = FALSE
	EndGlobalSection
	GlobalSection(ExtensibilityGlobals) = postSolution
		SolutionGuid = {C240C049-2FC7-4EC2-9FC2-5CD026BCB3F8}
	EndGlobalSection
EndGlobal
